// !$*UTF8*$!
{
	archiveVersion = 1;
	classes = {
	};
	objectVersion = 46;
	objects = {

/* Begin PBXBuildFile section */
		8818ACA71E6BE6D400512782 /* SwiftyJSON.swift in Sources */ = {isa = PBXBuildFile; fileRef = 8818ACA61E6BE6D400512782 /* SwiftyJSON.swift */; };
		889046A01E693F8800A4107E /* AppDelegate.swift in Sources */ = {isa = PBXBuildFile; fileRef = 8890469F1E693F8800A4107E /* AppDelegate.swift */; };
		889046A21E693F8800A4107E /* ProductListVC.swift in Sources */ = {isa = PBXBuildFile; fileRef = 889046A11E693F8800A4107E /* ProductListVC.swift */; };
		889046A51E693F8800A4107E /* Main.storyboard in Resources */ = {isa = PBXBuildFile; fileRef = 889046A31E693F8800A4107E /* Main.storyboard */; };
		889046A71E693F8800A4107E /* Assets.xcassets in Resources */ = {isa = PBXBuildFile; fileRef = 889046A61E693F8800A4107E /* Assets.xcassets */; };
		889046AA1E693F8800A4107E /* LaunchScreen.storyboard in Resources */ = {isa = PBXBuildFile; fileRef = 889046A81E693F8800A4107E /* LaunchScreen.storyboard */; };
		889046B51E693F8800A4107E /* RedMartAssignmentTests.swift in Sources */ = {isa = PBXBuildFile; fileRef = 889046B41E693F8800A4107E /* RedMartAssignmentTests.swift */; };
		889046C01E693F8800A4107E /* RedMartAssignmentUITests.swift in Sources */ = {isa = PBXBuildFile; fileRef = 889046BF1E693F8800A4107E /* RedMartAssignmentUITests.swift */; };
		889046E81E69A18E00A4107E /* Alamofire.framework in Frameworks */ = {isa = PBXBuildFile; fileRef = 889046D91E69A14E00A4107E /* Alamofire.framework */; };
		889046E91E69A18E00A4107E /* Alamofire.framework in Embed Frameworks */ = {isa = PBXBuildFile; fileRef = 889046D91E69A14E00A4107E /* Alamofire.framework */; settings = {ATTRIBUTES = (CodeSignOnCopy, RemoveHeadersOnCopy, ); }; };
		889046EF1E69A3AF00A4107E /* WebServiceManager.swift in Sources */ = {isa = PBXBuildFile; fileRef = 889046EE1E69A3AF00A4107E /* WebServiceManager.swift */; };
		889046F11E69A79100A4107E /* Page.swift in Sources */ = {isa = PBXBuildFile; fileRef = 889046F01E69A79100A4107E /* Page.swift */; };
		889046F31E69AB0A00A4107E /* Product.swift in Sources */ = {isa = PBXBuildFile; fileRef = 889046F21E69AB0A00A4107E /* Product.swift */; };
		889046F51E69AB8200A4107E /* ProductCollection.swift in Sources */ = {isa = PBXBuildFile; fileRef = 889046F41E69AB8200A4107E /* ProductCollection.swift */; };
		889FFB7F1E6E72660051D0F3 /* ProductDetailsCollectionViewCell.swift in Sources */ = {isa = PBXBuildFile; fileRef = 889FFB7E1E6E72660051D0F3 /* ProductDetailsCollectionViewCell.swift */; };
		889FFB891E6E7A730051D0F3 /* UIImageView+LazyLoader.swift in Sources */ = {isa = PBXBuildFile; fileRef = 889FFB881E6E7A730051D0F3 /* UIImageView+LazyLoader.swift */; };
		889FFB981E6EA7BE0051D0F3 /* ProductDetailsVC.swift in Sources */ = {isa = PBXBuildFile; fileRef = 889FFB971E6EA7BD0051D0F3 /* ProductDetailsVC.swift */; };
		889FFB9A1E6EB86A0051D0F3 /* ProductImagesTableViewCell.swift in Sources */ = {isa = PBXBuildFile; fileRef = 889FFB991E6EB86A0051D0F3 /* ProductImagesTableViewCell.swift */; };
		889FFBA71E6ED5C50051D0F3 /* ProductInfoTableViewCell.swift in Sources */ = {isa = PBXBuildFile; fileRef = 889FFBA61E6ED5C50051D0F3 /* ProductInfoTableViewCell.swift */; };
		889FFBA91E6ED8DF0051D0F3 /* ProductDetailsTableViewCell.swift in Sources */ = {isa = PBXBuildFile; fileRef = 889FFBA81E6ED8DF0051D0F3 /* ProductDetailsTableViewCell.swift */; };
		889FFBAD1E6EE10B0051D0F3 /* CustomPresentation.swift in Sources */ = {isa = PBXBuildFile; fileRef = 889FFBAB1E6EE10B0051D0F3 /* CustomPresentation.swift */; };
		889FFBAE1E6EE10B0051D0F3 /* CustomDismiss.swift in Sources */ = {isa = PBXBuildFile; fileRef = 889FFBAC1E6EE10B0051D0F3 /* CustomDismiss.swift */; };
/* End PBXBuildFile section */

/* Begin PBXContainerItemProxy section */
		889046B11E693F8800A4107E /* PBXContainerItemProxy */ = {
			isa = PBXContainerItemProxy;
			containerPortal = 889046941E693F8800A4107E /* Project object */;
			proxyType = 1;
			remoteGlobalIDString = 8890469B1E693F8800A4107E;
			remoteInfo = RedMartAssignment;
		};
		889046BC1E693F8800A4107E /* PBXContainerItemProxy */ = {
			isa = PBXContainerItemProxy;
			containerPortal = 889046941E693F8800A4107E /* Project object */;
			proxyType = 1;
			remoteGlobalIDString = 8890469B1E693F8800A4107E;
			remoteInfo = RedMartAssignment;
		};
		889046D81E69A14E00A4107E /* PBXContainerItemProxy */ = {
			isa = PBXContainerItemProxy;
			containerPortal = 889046CD1E69A14D00A4107E /* Alamofire.xcodeproj */;
			proxyType = 2;
			remoteGlobalIDString = F8111E3319A95C8B0040E7D1;
			remoteInfo = "Alamofire iOS";
		};
		889046DA1E69A14E00A4107E /* PBXContainerItemProxy */ = {
			isa = PBXContainerItemProxy;
			containerPortal = 889046CD1E69A14D00A4107E /* Alamofire.xcodeproj */;
			proxyType = 2;
			remoteGlobalIDString = F8111E3E19A95C8B0040E7D1;
			remoteInfo = "Alamofire iOS Tests";
		};
		889046DC1E69A14E00A4107E /* PBXContainerItemProxy */ = {
			isa = PBXContainerItemProxy;
			containerPortal = 889046CD1E69A14D00A4107E /* Alamofire.xcodeproj */;
			proxyType = 2;
			remoteGlobalIDString = 4DD67C0B1A5C55C900ED2280;
			remoteInfo = "Alamofire macOS";
		};
		889046DE1E69A14E00A4107E /* PBXContainerItemProxy */ = {
			isa = PBXContainerItemProxy;
			containerPortal = 889046CD1E69A14D00A4107E /* Alamofire.xcodeproj */;
			proxyType = 2;
			remoteGlobalIDString = F829C6B21A7A94F100A2CD59;
			remoteInfo = "Alamofire macOS Tests";
		};
		889046E01E69A14E00A4107E /* PBXContainerItemProxy */ = {
			isa = PBXContainerItemProxy;
			containerPortal = 889046CD1E69A14D00A4107E /* Alamofire.xcodeproj */;
			proxyType = 2;
			remoteGlobalIDString = 4CF626EF1BA7CB3E0011A099;
			remoteInfo = "Alamofire tvOS";
		};
		889046E21E69A14E00A4107E /* PBXContainerItemProxy */ = {
			isa = PBXContainerItemProxy;
			containerPortal = 889046CD1E69A14D00A4107E /* Alamofire.xcodeproj */;
			proxyType = 2;
			remoteGlobalIDString = 4CF626F81BA7CB3E0011A099;
			remoteInfo = "Alamofire tvOS Tests";
		};
		889046E41E69A14E00A4107E /* PBXContainerItemProxy */ = {
			isa = PBXContainerItemProxy;
			containerPortal = 889046CD1E69A14D00A4107E /* Alamofire.xcodeproj */;
			proxyType = 2;
			remoteGlobalIDString = E4202FE01B667AA100C997FB;
			remoteInfo = "Alamofire watchOS";
		};
		889046E61E69A17600A4107E /* PBXContainerItemProxy */ = {
			isa = PBXContainerItemProxy;
			containerPortal = 889046CD1E69A14D00A4107E /* Alamofire.xcodeproj */;
			proxyType = 1;
			remoteGlobalIDString = F8111E3219A95C8B0040E7D1;
			remoteInfo = "Alamofire iOS";
		};
		889046EA1E69A18E00A4107E /* PBXContainerItemProxy */ = {
			isa = PBXContainerItemProxy;
			containerPortal = 889046CD1E69A14D00A4107E /* Alamofire.xcodeproj */;
			proxyType = 1;
			remoteGlobalIDString = F8111E3219A95C8B0040E7D1;
			remoteInfo = "Alamofire iOS";
		};
/* End PBXContainerItemProxy section */

/* Begin PBXCopyFilesBuildPhase section */
		889046EC1E69A18E00A4107E /* Embed Frameworks */ = {
			isa = PBXCopyFilesBuildPhase;
			buildActionMask = 2147483647;
			dstPath = "";
			dstSubfolderSpec = 10;
			files = (
				889046E91E69A18E00A4107E /* Alamofire.framework in Embed Frameworks */,
			);
			name = "Embed Frameworks";
			runOnlyForDeploymentPostprocessing = 0;
		};
/* End PBXCopyFilesBuildPhase section */

/* Begin PBXFileReference section */
		8818ACA61E6BE6D400512782 /* SwiftyJSON.swift */ = {isa = PBXFileReference; fileEncoding = 4; lastKnownFileType = sourcecode.swift; path = SwiftyJSON.swift; sourceTree = "<group>"; };
		8890469C1E693F8800A4107E /* RedMartAssignment.app */ = {isa = PBXFileReference; explicitFileType = wrapper.application; includeInIndex = 0; path = RedMartAssignment.app; sourceTree = BUILT_PRODUCTS_DIR; };
		8890469F1E693F8800A4107E /* AppDelegate.swift */ = {isa = PBXFileReference; lastKnownFileType = sourcecode.swift; path = AppDelegate.swift; sourceTree = "<group>"; };
		889046A11E693F8800A4107E /* ProductListVC.swift */ = {isa = PBXFileReference; lastKnownFileType = sourcecode.swift; path = ProductListVC.swift; sourceTree = "<group>"; };
		889046A41E693F8800A4107E /* Base */ = {isa = PBXFileReference; lastKnownFileType = file.storyboard; name = Base; path = Base.lproj/Main.storyboard; sourceTree = "<group>"; };
		889046A61E693F8800A4107E /* Assets.xcassets */ = {isa = PBXFileReference; lastKnownFileType = folder.assetcatalog; path = Assets.xcassets; sourceTree = "<group>"; };
		889046A91E693F8800A4107E /* Base */ = {isa = PBXFileReference; lastKnownFileType = file.storyboard; name = Base; path = Base.lproj/LaunchScreen.storyboard; sourceTree = "<group>"; };
		889046AB1E693F8800A4107E /* Info.plist */ = {isa = PBXFileReference; lastKnownFileType = text.plist.xml; path = Info.plist; sourceTree = "<group>"; };
		889046B01E693F8800A4107E /* RedMartAssignmentTests.xctest */ = {isa = PBXFileReference; explicitFileType = wrapper.cfbundle; includeInIndex = 0; path = RedMartAssignmentTests.xctest; sourceTree = BUILT_PRODUCTS_DIR; };
		889046B41E693F8800A4107E /* RedMartAssignmentTests.swift */ = {isa = PBXFileReference; lastKnownFileType = sourcecode.swift; path = RedMartAssignmentTests.swift; sourceTree = "<group>"; };
		889046B61E693F8800A4107E /* Info.plist */ = {isa = PBXFileReference; lastKnownFileType = text.plist.xml; path = Info.plist; sourceTree = "<group>"; };
		889046BB1E693F8800A4107E /* RedMartAssignmentUITests.xctest */ = {isa = PBXFileReference; explicitFileType = wrapper.cfbundle; includeInIndex = 0; path = RedMartAssignmentUITests.xctest; sourceTree = BUILT_PRODUCTS_DIR; };
		889046BF1E693F8800A4107E /* RedMartAssignmentUITests.swift */ = {isa = PBXFileReference; lastKnownFileType = sourcecode.swift; path = RedMartAssignmentUITests.swift; sourceTree = "<group>"; };
		889046C11E693F8800A4107E /* Info.plist */ = {isa = PBXFileReference; lastKnownFileType = text.plist.xml; path = Info.plist; sourceTree = "<group>"; };
		889046CD1E69A14D00A4107E /* Alamofire.xcodeproj */ = {isa = PBXFileReference; lastKnownFileType = "wrapper.pb-project"; name = Alamofire.xcodeproj; path = "RedMartAssignment/Alamofire-master/Alamofire.xcodeproj"; sourceTree = "<group>"; };
		889046EE1E69A3AF00A4107E /* WebServiceManager.swift */ = {isa = PBXFileReference; fileEncoding = 4; lastKnownFileType = sourcecode.swift; path = WebServiceManager.swift; sourceTree = "<group>"; };
		889046F01E69A79100A4107E /* Page.swift */ = {isa = PBXFileReference; fileEncoding = 4; lastKnownFileType = sourcecode.swift; path = Page.swift; sourceTree = "<group>"; };
		889046F21E69AB0A00A4107E /* Product.swift */ = {isa = PBXFileReference; fileEncoding = 4; lastKnownFileType = sourcecode.swift; path = Product.swift; sourceTree = "<group>"; };
		889046F41E69AB8200A4107E /* ProductCollection.swift */ = {isa = PBXFileReference; fileEncoding = 4; lastKnownFileType = sourcecode.swift; path = ProductCollection.swift; sourceTree = "<group>"; };
		889FFB7E1E6E72660051D0F3 /* ProductDetailsCollectionViewCell.swift */ = {isa = PBXFileReference; fileEncoding = 4; lastKnownFileType = sourcecode.swift; path = ProductDetailsCollectionViewCell.swift; sourceTree = "<group>"; };
		889FFB881E6E7A730051D0F3 /* UIImageView+LazyLoader.swift */ = {isa = PBXFileReference; fileEncoding = 4; lastKnownFileType = sourcecode.swift; path = "UIImageView+LazyLoader.swift"; sourceTree = "<group>"; };
		889FFB971E6EA7BD0051D0F3 /* ProductDetailsVC.swift */ = {isa = PBXFileReference; fileEncoding = 4; lastKnownFileType = sourcecode.swift; path = ProductDetailsVC.swift; sourceTree = "<group>"; };
		889FFB991E6EB86A0051D0F3 /* ProductImagesTableViewCell.swift */ = {isa = PBXFileReference; fileEncoding = 4; lastKnownFileType = sourcecode.swift; path = ProductImagesTableViewCell.swift; sourceTree = "<group>"; };
		889FFBA61E6ED5C50051D0F3 /* ProductInfoTableViewCell.swift */ = {isa = PBXFileReference; fileEncoding = 4; lastKnownFileType = sourcecode.swift; path = ProductInfoTableViewCell.swift; sourceTree = "<group>"; };
		889FFBA81E6ED8DF0051D0F3 /* ProductDetailsTableViewCell.swift */ = {isa = PBXFileReference; fileEncoding = 4; lastKnownFileType = sourcecode.swift; path = ProductDetailsTableViewCell.swift; sourceTree = "<group>"; };
		889FFBAB1E6EE10B0051D0F3 /* CustomPresentation.swift */ = {isa = PBXFileReference; fileEncoding = 4; lastKnownFileType = sourcecode.swift; path = CustomPresentation.swift; sourceTree = "<group>"; };
		889FFBAC1E6EE10B0051D0F3 /* CustomDismiss.swift */ = {isa = PBXFileReference; fileEncoding = 4; lastKnownFileType = sourcecode.swift; path = CustomDismiss.swift; sourceTree = "<group>"; };
/* End PBXFileReference section */

/* Begin PBXFrameworksBuildPhase section */
		889046991E693F8800A4107E /* Frameworks */ = {
			isa = PBXFrameworksBuildPhase;
			buildActionMask = 2147483647;
			files = (
				889046E81E69A18E00A4107E /* Alamofire.framework in Frameworks */,
			);
			runOnlyForDeploymentPostprocessing = 0;
		};
		889046AD1E693F8800A4107E /* Frameworks */ = {
			isa = PBXFrameworksBuildPhase;
			buildActionMask = 2147483647;
			files = (
			);
			runOnlyForDeploymentPostprocessing = 0;
		};
		889046B81E693F8800A4107E /* Frameworks */ = {
			isa = PBXFrameworksBuildPhase;
			buildActionMask = 2147483647;
			files = (
			);
			runOnlyForDeploymentPostprocessing = 0;
		};
/* End PBXFrameworksBuildPhase section */

/* Begin PBXGroup section */
		8818AC9C1E6BDE1500512782 /* Model */ = {
			isa = PBXGroup;
			children = (
				889046F41E69AB8200A4107E /* ProductCollection.swift */,
				889046F21E69AB0A00A4107E /* Product.swift */,
				889046F01E69A79100A4107E /* Page.swift */,
			);
			name = Model;
			sourceTree = "<group>";
		};
		8818ACA41E6BDE3F00512782 /* Controller */ = {
			isa = PBXGroup;
			children = (
				889046A11E693F8800A4107E /* ProductListVC.swift */,
				889FFB971E6EA7BD0051D0F3 /* ProductDetailsVC.swift */,
			);
			name = Controller;
			sourceTree = "<group>";
		};
		8818ACA51E6BDE4E00512782 /* Resources */ = {
			isa = PBXGroup;
			children = (
				889046A31E693F8800A4107E /* Main.storyboard */,
				889046A81E693F8800A4107E /* LaunchScreen.storyboard */,
				889046AB1E693F8800A4107E /* Info.plist */,
				889046A61E693F8800A4107E /* Assets.xcassets */,
			);
			name = Resources;
			sourceTree = "<group>";
		};
		889046931E693F8800A4107E = {
			isa = PBXGroup;
			children = (
				889046CD1E69A14D00A4107E /* Alamofire.xcodeproj */,
				8890469E1E693F8800A4107E /* RedMartAssignment */,
				889046B31E693F8800A4107E /* RedMartAssignmentTests */,
				889046BE1E693F8800A4107E /* RedMartAssignmentUITests */,
				8890469D1E693F8800A4107E /* Products */,
			);
			sourceTree = "<group>";
		};
		8890469D1E693F8800A4107E /* Products */ = {
			isa = PBXGroup;
			children = (
				8890469C1E693F8800A4107E /* RedMartAssignment.app */,
				889046B01E693F8800A4107E /* RedMartAssignmentTests.xctest */,
				889046BB1E693F8800A4107E /* RedMartAssignmentUITests.xctest */,
			);
			name = Products;
			sourceTree = "<group>";
		};
		8890469E1E693F8800A4107E /* RedMartAssignment */ = {
			isa = PBXGroup;
			children = (
				889FFBAA1E6EE0E60051D0F3 /* Utility */,
				8818ACA41E6BDE3F00512782 /* Controller */,
				8818AC9C1E6BDE1500512782 /* Model */,
				889FFB871E6E727F0051D0F3 /* Views */,
				889046ED1E69A37F00A4107E /* WebService */,
				8818ACA51E6BDE4E00512782 /* Resources */,
				8890469F1E693F8800A4107E /* AppDelegate.swift */,
			);
			path = RedMartAssignment;
			sourceTree = "<group>";
		};
		889046B31E693F8800A4107E /* RedMartAssignmentTests */ = {
			isa = PBXGroup;
			children = (
				889046B41E693F8800A4107E /* RedMartAssignmentTests.swift */,
				889046B61E693F8800A4107E /* Info.plist */,
			);
			path = RedMartAssignmentTests;
			sourceTree = "<group>";
		};
		889046BE1E693F8800A4107E /* RedMartAssignmentUITests */ = {
			isa = PBXGroup;
			children = (
				889046BF1E693F8800A4107E /* RedMartAssignmentUITests.swift */,
				889046C11E693F8800A4107E /* Info.plist */,
			);
			path = RedMartAssignmentUITests;
			sourceTree = "<group>";
		};
		889046CE1E69A14D00A4107E /* Products */ = {
			isa = PBXGroup;
			children = (
				889046D91E69A14E00A4107E /* Alamofire.framework */,
				889046DB1E69A14E00A4107E /* Alamofire iOS Tests.xctest */,
				889046DD1E69A14E00A4107E /* Alamofire.framework */,
				889046DF1E69A14E00A4107E /* Alamofire macOS Tests.xctest */,
				889046E11E69A14E00A4107E /* Alamofire.framework */,
				889046E31E69A14E00A4107E /* Alamofire tvOS Tests.xctest */,
				889046E51E69A14E00A4107E /* Alamofire.framework */,
			);
			name = Products;
			sourceTree = "<group>";
		};
		889046ED1E69A37F00A4107E /* WebService */ = {
			isa = PBXGroup;
			children = (
				889046EE1E69A3AF00A4107E /* WebServiceManager.swift */,
				8818ACA61E6BE6D400512782 /* SwiftyJSON.swift */,
				889FFB881E6E7A730051D0F3 /* UIImageView+LazyLoader.swift */,
			);
			name = WebService;
			sourceTree = "<group>";
		};
		889FFB871E6E727F0051D0F3 /* Views */ = {
			isa = PBXGroup;
			children = (
				889FFB7E1E6E72660051D0F3 /* ProductDetailsCollectionViewCell.swift */,
				889FFB991E6EB86A0051D0F3 /* ProductImagesTableViewCell.swift */,
				889FFBA61E6ED5C50051D0F3 /* ProductInfoTableViewCell.swift */,
				889FFBA81E6ED8DF0051D0F3 /* ProductDetailsTableViewCell.swift */,
			);
			name = Views;
			sourceTree = "<group>";
		};
		889FFBAA1E6EE0E60051D0F3 /* Utility */ = {
			isa = PBXGroup;
			children = (
				889FFBAB1E6EE10B0051D0F3 /* CustomPresentation.swift */,
				889FFBAC1E6EE10B0051D0F3 /* CustomDismiss.swift */,
			);
			name = Utility;
			sourceTree = "<group>";
		};
/* End PBXGroup section */

/* Begin PBXNativeTarget section */
		8890469B1E693F8800A4107E /* RedMartAssignment */ = {
			isa = PBXNativeTarget;
			buildConfigurationList = 889046C41E693F8800A4107E /* Build configuration list for PBXNativeTarget "RedMartAssignment" */;
			buildPhases = (
				889046981E693F8800A4107E /* Sources */,
				889046991E693F8800A4107E /* Frameworks */,
				8890469A1E693F8800A4107E /* Resources */,
				889046EC1E69A18E00A4107E /* Embed Frameworks */,
			);
			buildRules = (
			);
			dependencies = (
				889046E71E69A17600A4107E /* PBXTargetDependency */,
				889046EB1E69A18E00A4107E /* PBXTargetDependency */,
			);
			name = RedMartAssignment;
			productName = RedMartAssignment;
			productReference = 8890469C1E693F8800A4107E /* RedMartAssignment.app */;
			productType = "com.apple.product-type.application";
		};
		889046AF1E693F8800A4107E /* RedMartAssignmentTests */ = {
			isa = PBXNativeTarget;
			buildConfigurationList = 889046C71E693F8800A4107E /* Build configuration list for PBXNativeTarget "RedMartAssignmentTests" */;
			buildPhases = (
				889046AC1E693F8800A4107E /* Sources */,
				889046AD1E693F8800A4107E /* Frameworks */,
				889046AE1E693F8800A4107E /* Resources */,
			);
			buildRules = (
			);
			dependencies = (
				889046B21E693F8800A4107E /* PBXTargetDependency */,
			);
			name = RedMartAssignmentTests;
			productName = RedMartAssignmentTests;
			productReference = 889046B01E693F8800A4107E /* RedMartAssignmentTests.xctest */;
			productType = "com.apple.product-type.bundle.unit-test";
		};
		889046BA1E693F8800A4107E /* RedMartAssignmentUITests */ = {
			isa = PBXNativeTarget;
			buildConfigurationList = 889046CA1E693F8800A4107E /* Build configuration list for PBXNativeTarget "RedMartAssignmentUITests" */;
			buildPhases = (
				889046B71E693F8800A4107E /* Sources */,
				889046B81E693F8800A4107E /* Frameworks */,
				889046B91E693F8800A4107E /* Resources */,
			);
			buildRules = (
			);
			dependencies = (
				889046BD1E693F8800A4107E /* PBXTargetDependency */,
			);
			name = RedMartAssignmentUITests;
			productName = RedMartAssignmentUITests;
			productReference = 889046BB1E693F8800A4107E /* RedMartAssignmentUITests.xctest */;
			productType = "com.apple.product-type.bundle.ui-testing";
		};
/* End PBXNativeTarget section */

/* Begin PBXProject section */
		889046941E693F8800A4107E /* Project object */ = {
			isa = PBXProject;
			attributes = {
				LastSwiftUpdateCheck = 0810;
				LastUpgradeCheck = 0810;
				ORGANIZATIONNAME = MyCompany;
				TargetAttributes = {
					8890469B1E693F8800A4107E = {
						CreatedOnToolsVersion = 8.1;
						ProvisioningStyle = Automatic;
					};
					889046AF1E693F8800A4107E = {
						CreatedOnToolsVersion = 8.1;
						ProvisioningStyle = Automatic;
						TestTargetID = 8890469B1E693F8800A4107E;
					};
					889046BA1E693F8800A4107E = {
						CreatedOnToolsVersion = 8.1;
						ProvisioningStyle = Automatic;
						TestTargetID = 8890469B1E693F8800A4107E;
					};
				};
			};
			buildConfigurationList = 889046971E693F8800A4107E /* Build configuration list for PBXProject "RedMartAssignment" */;
			compatibilityVersion = "Xcode 3.2";
			developmentRegion = English;
			hasScannedForEncodings = 0;
			knownRegions = (
				en,
				Base,
			);
			mainGroup = 889046931E693F8800A4107E;
			productRefGroup = 8890469D1E693F8800A4107E /* Products */;
			projectDirPath = "";
			projectReferences = (
				{
					ProductGroup = 889046CE1E69A14D00A4107E /* Products */;
					ProjectRef = 889046CD1E69A14D00A4107E /* Alamofire.xcodeproj */;
				},
			);
			projectRoot = "";
			targets = (
				8890469B1E693F8800A4107E /* RedMartAssignment */,
				889046AF1E693F8800A4107E /* RedMartAssignmentTests */,
				889046BA1E693F8800A4107E /* RedMartAssignmentUITests */,
			);
		};
/* End PBXProject section */

/* Begin PBXReferenceProxy section */
		889046D91E69A14E00A4107E /* Alamofire.framework */ = {
			isa = PBXReferenceProxy;
			fileType = wrapper.framework;
			path = Alamofire.framework;
			remoteRef = 889046D81E69A14E00A4107E /* PBXContainerItemProxy */;
			sourceTree = BUILT_PRODUCTS_DIR;
		};
		889046DB1E69A14E00A4107E /* Alamofire iOS Tests.xctest */ = {
			isa = PBXReferenceProxy;
			fileType = wrapper.cfbundle;
			path = "Alamofire iOS Tests.xctest";
			remoteRef = 889046DA1E69A14E00A4107E /* PBXContainerItemProxy */;
			sourceTree = BUILT_PRODUCTS_DIR;
		};
		889046DD1E69A14E00A4107E /* Alamofire.framework */ = {
			isa = PBXReferenceProxy;
			fileType = wrapper.framework;
			path = Alamofire.framework;
			remoteRef = 889046DC1E69A14E00A4107E /* PBXContainerItemProxy */;
			sourceTree = BUILT_PRODUCTS_DIR;
		};
		889046DF1E69A14E00A4107E /* Alamofire macOS Tests.xctest */ = {
			isa = PBXReferenceProxy;
			fileType = wrapper.cfbundle;
			path = "Alamofire macOS Tests.xctest";
			remoteRef = 889046DE1E69A14E00A4107E /* PBXContainerItemProxy */;
			sourceTree = BUILT_PRODUCTS_DIR;
		};
		889046E11E69A14E00A4107E /* Alamofire.framework */ = {
			isa = PBXReferenceProxy;
			fileType = wrapper.framework;
			path = Alamofire.framework;
			remoteRef = 889046E01E69A14E00A4107E /* PBXContainerItemProxy */;
			sourceTree = BUILT_PRODUCTS_DIR;
		};
		889046E31E69A14E00A4107E /* Alamofire tvOS Tests.xctest */ = {
			isa = PBXReferenceProxy;
			fileType = wrapper.cfbundle;
			path = "Alamofire tvOS Tests.xctest";
			remoteRef = 889046E21E69A14E00A4107E /* PBXContainerItemProxy */;
			sourceTree = BUILT_PRODUCTS_DIR;
		};
		889046E51E69A14E00A4107E /* Alamofire.framework */ = {
			isa = PBXReferenceProxy;
			fileType = wrapper.framework;
			path = Alamofire.framework;
			remoteRef = 889046E41E69A14E00A4107E /* PBXContainerItemProxy */;
			sourceTree = BUILT_PRODUCTS_DIR;
		};
/* End PBXReferenceProxy section */

/* Begin PBXResourcesBuildPhase section */
		8890469A1E693F8800A4107E /* Resources */ = {
			isa = PBXResourcesBuildPhase;
			buildActionMask = 2147483647;
			files = (
				889046AA1E693F8800A4107E /* LaunchScreen.storyboard in Resources */,
				889046A71E693F8800A4107E /* Assets.xcassets in Resources */,
				889046A51E693F8800A4107E /* Main.storyboard in Resources */,
			);
			runOnlyForDeploymentPostprocessing = 0;
		};
		889046AE1E693F8800A4107E /* Resources */ = {
			isa = PBXResourcesBuildPhase;
			buildActionMask = 2147483647;
			files = (
			);
			runOnlyForDeploymentPostprocessing = 0;
		};
		889046B91E693F8800A4107E /* Resources */ = {
			isa = PBXResourcesBuildPhase;
			buildActionMask = 2147483647;
			files = (
			);
			runOnlyForDeploymentPostprocessing = 0;
		};
/* End PBXResourcesBuildPhase section */

/* Begin PBXSourcesBuildPhase section */
		889046981E693F8800A4107E /* Sources */ = {
			isa = PBXSourcesBuildPhase;
			buildActionMask = 2147483647;
			files = (
				889046A21E693F8800A4107E /* ProductListVC.swift in Sources */,
				889FFBAD1E6EE10B0051D0F3 /* CustomPresentation.swift in Sources */,
				889046A01E693F8800A4107E /* AppDelegate.swift in Sources */,
				889FFB891E6E7A730051D0F3 /* UIImageView+LazyLoader.swift in Sources */,
				889046F31E69AB0A00A4107E /* Product.swift in Sources */,
				889FFBAE1E6EE10B0051D0F3 /* CustomDismiss.swift in Sources */,
				889046F11E69A79100A4107E /* Page.swift in Sources */,
				889FFB9A1E6EB86A0051D0F3 /* ProductImagesTableViewCell.swift in Sources */,
				889046EF1E69A3AF00A4107E /* WebServiceManager.swift in Sources */,
				8818ACA71E6BE6D400512782 /* SwiftyJSON.swift in Sources */,
				889FFB981E6EA7BE0051D0F3 /* ProductDetailsVC.swift in Sources */,
				889FFBA91E6ED8DF0051D0F3 /* ProductDetailsTableViewCell.swift in Sources */,
				889FFBA71E6ED5C50051D0F3 /* ProductInfoTableViewCell.swift in Sources */,
				889046F51E69AB8200A4107E /* ProductCollection.swift in Sources */,
				889FFB7F1E6E72660051D0F3 /* ProductDetailsCollectionViewCell.swift in Sources */,
			);
			runOnlyForDeploymentPostprocessing = 0;
		};
		889046AC1E693F8800A4107E /* Sources */ = {
			isa = PBXSourcesBuildPhase;
			buildActionMask = 2147483647;
			files = (
				889046B51E693F8800A4107E /* RedMartAssignmentTests.swift in Sources */,
			);
			runOnlyForDeploymentPostprocessing = 0;
		};
		889046B71E693F8800A4107E /* Sources */ = {
			isa = PBXSourcesBuildPhase;
			buildActionMask = 2147483647;
			files = (
				889046C01E693F8800A4107E /* RedMartAssignmentUITests.swift in Sources */,
			);
			runOnlyForDeploymentPostprocessing = 0;
		};
/* End PBXSourcesBuildPhase section */

/* Begin PBXTargetDependency section */
		889046B21E693F8800A4107E /* PBXTargetDependency */ = {
			isa = PBXTargetDependency;
			target = 8890469B1E693F8800A4107E /* RedMartAssignment */;
			targetProxy = 889046B11E693F8800A4107E /* PBXContainerItemProxy */;
		};
		889046BD1E693F8800A4107E /* PBXTargetDependency */ = {
			isa = PBXTargetDependency;
			target = 8890469B1E693F8800A4107E /* RedMartAssignment */;
			targetProxy = 889046BC1E693F8800A4107E /* PBXContainerItemProxy */;
		};
		889046E71E69A17600A4107E /* PBXTargetDependency */ = {
			isa = PBXTargetDependency;
			name = "Alamofire iOS";
			targetProxy = 889046E61E69A17600A4107E /* PBXContainerItemProxy */;
		};
		889046EB1E69A18E00A4107E /* PBXTargetDependency */ = {
			isa = PBXTargetDependency;
			name = "Alamofire iOS";
			targetProxy = 889046EA1E69A18E00A4107E /* PBXContainerItemProxy */;
		};
/* End PBXTargetDependency section */

/* Begin PBXVariantGroup section */
		889046A31E693F8800A4107E /* Main.storyboard */ = {
			isa = PBXVariantGroup;
			children = (
				889046A41E693F8800A4107E /* Base */,
			);
			name = Main.storyboard;
			sourceTree = "<group>";
		};
		889046A81E693F8800A4107E /* LaunchScreen.storyboard */ = {
			isa = PBXVariantGroup;
			children = (
				889046A91E693F8800A4107E /* Base */,
			);
			name = LaunchScreen.storyboard;
			sourceTree = "<group>";
		};
/* End PBXVariantGroup section */

/* Begin XCBuildConfiguration section */
		889046C21E693F8800A4107E /* Debug */ = {
			isa = XCBuildConfiguration;
			buildSettings = {
				ALWAYS_SEARCH_USER_PATHS = NO;
				CLANG_ANALYZER_NONNULL = YES;
				CLANG_CXX_LANGUAGE_STANDARD = "gnu++0x";
				CLANG_CXX_LIBRARY = "libc++";
				CLANG_ENABLE_MODULES = YES;
				CLANG_ENABLE_OBJC_ARC = YES;
				CLANG_WARN_BOOL_CONVERSION = YES;
				CLANG_WARN_CONSTANT_CONVERSION = YES;
				CLANG_WARN_DIRECT_OBJC_ISA_USAGE = YES_ERROR;
				CLANG_WARN_DOCUMENTATION_COMMENTS = YES;
				CLANG_WARN_EMPTY_BODY = YES;
				CLANG_WARN_ENUM_CONVERSION = YES;
				CLANG_WARN_INFINITE_RECURSION = YES;
				CLANG_WARN_INT_CONVERSION = YES;
				CLANG_WARN_OBJC_ROOT_CLASS = YES_ERROR;
				CLANG_WARN_SUSPICIOUS_MOVES = YES;
				CLANG_WARN_UNREACHABLE_CODE = YES;
				CLANG_WARN__DUPLICATE_METHOD_MATCH = YES;
				"CODE_SIGN_IDENTITY[sdk=iphoneos*]" = "iPhone Developer";
				COPY_PHASE_STRIP = NO;
				DEBUG_INFORMATION_FORMAT = dwarf;
				ENABLE_STRICT_OBJC_MSGSEND = YES;
				ENABLE_TESTABILITY = YES;
				GCC_C_LANGUAGE_STANDARD = gnu99;
				GCC_DYNAMIC_NO_PIC = NO;
				GCC_NO_COMMON_BLOCKS = YES;
				GCC_OPTIMIZATION_LEVEL = 0;
				GCC_PREPROCESSOR_DEFINITIONS = (
					"DEBUG=1",
					"$(inherited)",
				);
				GCC_WARN_64_TO_32_BIT_CONVERSION = YES;
				GCC_WARN_ABOUT_RETURN_TYPE = YES_ERROR;
				GCC_WARN_UNDECLARED_SELECTOR = YES;
				GCC_WARN_UNINITIALIZED_AUTOS = YES_AGGRESSIVE;
				GCC_WARN_UNUSED_FUNCTION = YES;
				GCC_WARN_UNUSED_VARIABLE = YES;
				IPHONEOS_DEPLOYMENT_TARGET = 10.1;
				MTL_ENABLE_DEBUG_INFO = YES;
				ONLY_ACTIVE_ARCH = YES;
				SDKROOT = iphoneos;
				SWIFT_ACTIVE_COMPILATION_CONDITIONS = DEBUG;
				SWIFT_OPTIMIZATION_LEVEL = "-Onone";
				TARGETED_DEVICE_FAMILY = "1,2";
			};
			name = Debug;
		};
		889046C31E693F8800A4107E /* Release */ = {
			isa = XCBuildConfiguration;
			buildSettings = {
				ALWAYS_SEARCH_USER_PATHS = NO;
				CLANG_ANALYZER_NONNULL = YES;
				CLANG_CXX_LANGUAGE_STANDARD = "gnu++0x";
				CLANG_CXX_LIBRARY = "libc++";
				CLANG_ENABLE_MODULES = YES;
				CLANG_ENABLE_OBJC_ARC = YES;
				CLANG_WARN_BOOL_CONVERSION = YES;
				CLANG_WARN_CONSTANT_CONVERSION = YES;
				CLANG_WARN_DIRECT_OBJC_ISA_USAGE = YES_ERROR;
				CLANG_WARN_DOCUMENTATION_COMMENTS = YES;
				CLANG_WARN_EMPTY_BODY = YES;
				CLANG_WARN_ENUM_CONVERSION = YES;
				CLANG_WARN_INFINITE_RECURSION = YES;
				CLANG_WARN_INT_CONVERSION = YES;
				CLANG_WARN_OBJC_ROOT_CLASS = YES_ERROR;
				CLANG_WARN_SUSPICIOUS_MOVES = YES;
				CLANG_WARN_UNREACHABLE_CODE = YES;
				CLANG_WARN__DUPLICATE_METHOD_MATCH = YES;
				"CODE_SIGN_IDENTITY[sdk=iphoneos*]" = "iPhone Developer";
				COPY_PHASE_STRIP = NO;
				DEBUG_INFORMATION_FORMAT = "dwarf-with-dsym";
				ENABLE_NS_ASSERTIONS = NO;
				ENABLE_STRICT_OBJC_MSGSEND = YES;
				GCC_C_LANGUAGE_STANDARD = gnu99;
				GCC_NO_COMMON_BLOCKS = YES;
				GCC_WARN_64_TO_32_BIT_CONVERSION = YES;
				GCC_WARN_ABOUT_RETURN_TYPE = YES_ERROR;
				GCC_WARN_UNDECLARED_SELECTOR = YES;
				GCC_WARN_UNINITIALIZED_AUTOS = YES_AGGRESSIVE;
				GCC_WARN_UNUSED_FUNCTION = YES;
				GCC_WARN_UNUSED_VARIABLE = YES;
				IPHONEOS_DEPLOYMENT_TARGET = 10.1;
				MTL_ENABLE_DEBUG_INFO = NO;
				SDKROOT = iphoneos;
				SWIFT_OPTIMIZATION_LEVEL = "-Owholemodule";
				TARGETED_DEVICE_FAMILY = "1,2";
				VALIDATE_PRODUCT = YES;
			};
			name = Release;
		};
		889046C51E693F8800A4107E /* Debug */ = {
			isa = XCBuildConfiguration;
			buildSettings = {
				ALWAYS_EMBED_SWIFT_STANDARD_LIBRARIES = YES;
				ASSETCATALOG_COMPILER_APPICON_NAME = AppIcon;
				INFOPLIST_FILE = RedMartAssignment/Info.plist;
				LD_RUNPATH_SEARCH_PATHS = "$(inherited) @executable_path/Frameworks";
				PRODUCT_BUNDLE_IDENTIFIER = "com.-MyCompany.RedMartAssignment";
				PRODUCT_NAME = "$(TARGET_NAME)";
				SWIFT_VERSION = 3.0;
			};
			name = Debug;
		};
		889046C61E693F8800A4107E /* Release */ = {
			isa = XCBuildConfiguration;
			buildSettings = {
				ALWAYS_EMBED_SWIFT_STANDARD_LIBRARIES = YES;
				ASSETCATALOG_COMPILER_APPICON_NAME = AppIcon;
				INFOPLIST_FILE = RedMartAssignment/Info.plist;
				LD_RUNPATH_SEARCH_PATHS = "$(inherited) @executable_path/Frameworks";
				PRODUCT_BUNDLE_IDENTIFIER = "com.-MyCompany.RedMartAssignment";
				PRODUCT_NAME = "$(TARGET_NAME)";
				SWIFT_VERSION = 3.0;
			};
			name = Release;
		};
		889046C81E693F8800A4107E /* Debug */ = {
			isa = XCBuildConfiguration;
			buildSettings = {
				ALWAYS_EMBED_SWIFT_STANDARD_LIBRARIES = YES;
				BUNDLE_LOADER = "$(TEST_HOST)";
				INFOPLIST_FILE = RedMartAssignmentTests/Info.plist;
				LD_RUNPATH_SEARCH_PATHS = "$(inherited) @executable_path/Frameworks @loader_path/Frameworks";
				PRODUCT_BUNDLE_IDENTIFIER = "com.-MyCompany.RedMartAssignmentTests";
				PRODUCT_NAME = "$(TARGET_NAME)";
				SWIFT_VERSION = 3.0;
				TEST_HOST = "$(BUILT_PRODUCTS_DIR)/RedMartAssignment.app/RedMartAssignment";
			};
			name = Debug;
		};
		889046C91E693F8800A4107E /* Release */ = {
			isa = XCBuildConfiguration;
			buildSettings = {
				ALWAYS_EMBED_SWIFT_STANDARD_LIBRARIES = YES;
				BUNDLE_LOADER = "$(TEST_HOST)";
				INFOPLIST_FILE = RedMartAssignmentTests/Info.plist;
				LD_RUNPATH_SEARCH_PATHS = "$(inherited) @executable_path/Frameworks @loader_path/Frameworks";
				PRODUCT_BUNDLE_IDENTIFIER = "com.-MyCompany.RedMartAssignmentTests";
				PRODUCT_NAME = "$(TARGET_NAME)";
				SWIFT_VERSION = 3.0;
				TEST_HOST = "$(BUILT_PRODUCTS_DIR)/RedMartAssignment.app/RedMartAssignment";
			};
			name = Release;
		};
		889046CB1E693F8800A4107E /* Debug */ = {
			isa = XCBuildConfiguration;
			buildSettings = {
				ALWAYS_EMBED_SWIFT_STANDARD_LIBRARIES = YES;
				INFOPLIST_FILE = RedMartAssignmentUITests/Info.plist;
				LD_RUNPATH_SEARCH_PATHS = "$(inherited) @executable_path/Frameworks @loader_path/Frameworks";
				PRODUCT_BUNDLE_IDENTIFIER = "com.-MyCompany.RedMartAssignmentUITests";
				PRODUCT_NAME = "$(TARGET_NAME)";
				SWIFT_VERSION = 3.0;
				TEST_TARGET_NAME = RedMartAssignment;
			};
			name = Debug;
		};
		889046CC1E693F8800A4107E /* Release */ = {
			isa = XCBuildConfiguration;
			buildSettings = {
				ALWAYS_EMBED_SWIFT_STANDARD_LIBRARIES = YES;
				INFOPLIST_FILE = RedMartAssignmentUITests/Info.plist;
				LD_RUNPATH_SEARCH_PATHS = "$(inherited) @executable_path/Frameworks @loader_path/Frameworks";
				PRODUCT_BUNDLE_IDENTIFIER = "com.-MyCompany.RedMartAssignmentUITests";
				PRODUCT_NAME = "$(TARGET_NAME)";
				SWIFT_VERSION = 3.0;
				TEST_TARGET_NAME = RedMartAssignment;
			};
			name = Release;
		};
/* End XCBuildConfiguration section */

/* Begin XCConfigurationList section */
		889046971E693F8800A4107E /* Build configuration list for PBXProject "RedMartAssignment" */ = {
			isa = XCConfigurationList;
			buildConfigurations = (
				889046C21E693F8800A4107E /* Debug */,
				889046C31E693F8800A4107E /* Release */,
			);
			defaultConfigurationIsVisible = 0;
			defaultConfigurationName = Release;
		};
		889046C41E693F8800A4107E /* Build configuration list for PBXNativeTarget "RedMartAssignment" */ = {
			isa = XCConfigurationList;
			buildConfigurations = (
				889046C51E693F8800A4107E /* Debug */,
				889046C61E693F8800A4107E /* Release */,
			);
			defaultConfigurationIsVisible = 0;
			defaultConfigurationName = Release;
		};
		889046C71E693F8800A4107E /* Build configuration list for PBXNativeTarget "RedMartAssignmentTests" */ = {
			isa = XCConfigurationList;
			buildConfigurations = (
				889046C81E693F8800A4107E /* Debug */,
				889046C91E693F8800A4107E /* Release */,
			);
			defaultConfigurationIsVisible = 0;
			defaultConfigurationName = Release;
		};
		889046CA1E693F8800A4107E /* Build configuration list for PBXNativeTarget "RedMartAssignmentUITests" */ = {
			isa = XCConfigurationList;
			buildConfigurations = (
				889046CB1E693F8800A4107E /* Debug */,
				889046CC1E693F8800A4107E /* Release */,
			);
			defaultConfigurationIsVisible = 0;
			defaultConfigurationName = Release;
		};
/* End XCConfigurationList section */
	};
	rootObject = 889046941E693F8800A4107E /* Project object */;
}
